
Microsoft Visual Studio Solution File, Format Version 11.00
# Visual Studio 2010
Project("{FAE04EC0-301F-11D3-BF4B-00C04F79EFBC}") = "ClassManagementSystem", "ClassManagementSystem\ClassManagementSystem.csproj", "{97A468E4-85DA-401D-A11C-9D10011F1C61}"
EndProject
Global
	GlobalSection(SolutionConfigurationPlatforms) = preSolution
		Debug|x86 = Debug|x86
		Release|x86 = Release|x86
	EndGlobalSection
	GlobalSection(ProjectConfigurationPlatforms) = postSolution
		{97A468E4-85DA-401D-A11C-9D10011F1C61}.Debug|x86.ActiveCfg = Debug|x86
		{97A468E4-85DA-401D-A11C-9D10011F1C61}.Debug|x86.Build.0 = Debug|x86
		{97A468E4-85DA-401D-A11C-9D10011F1C61}.Release|x86.ActiveCfg = Release|x86
		{97A468E4-85DA-401D-A11C-9D10011F1C61}.Release|x86.Build.0 = Release|x86
	EndGlobalSection
	GlobalSection(SolutionProperties) = preSolution
		HideSolutionNode = FALSE
	EndGlobalSection
EndGlobal
